
Microsoft Visual Studio Solution File, Format Version 11.00
# Visual Studio 2010
Project("{8BC9CEB8-8B4A-11D0-8D11-00A0C91BC942}") = "SocketDemo", "SocketDemo.vcxproj", "{95E4533C-0AD1-4DD1-94A4-4D0A68E516D3}"
EndProject
Global
	GlobalSection(SolutionConfigurationPlatforms) = preSolution
		Debug|Win32 = Debug|Win32
		Release|Win32 = Release|Win32
	EndGlobalSection
	GlobalSection(ProjectConfigurationPlatforms) = postSolution
		{95E4533C-0AD1-4DD1-94A4-4D0A68E516D3}.Debug|Win32.ActiveCfg = Debug|Win32
		{95E4533C-0AD1-4DD1-94A4-4D0A68E516D3}.Debug|Win32.Build.0 = Debug|Win32
		{95E4533C-0AD1-4DD1-94A4-4D0A68E516D3}.Release|Win32.ActiveCfg = Release|Win32
		{95E4533C-0AD1-4DD1-94A4-4D0A68E516D3}.Release|Win32.Build.0 = Release|Win32
	EndGlobalSection
	GlobalSection(SolutionProperties) = preSolution
		HideSolutionNode = FALSE
	EndGlobalSection
EndGlobal
